
Microsoft Visual Studio Solution File, Format Version 12.00
# Visual Studio Version 17
VisualStudioVersion = 17.13.35806.99 d17.13
MinimumVisualStudioVersion = 10.0.40219.1
Project("{FAE04EC0-301F-11D3-BF4B-00C04F79EFBC}") = "HWVMauiApp", "HWVMauiApp\HWVMauiApp.csproj", "{BFB9E5A5-2A90-4844-AF15-09EE6BD236EF}"
EndProject
Global
	GlobalSection(SolutionConfigurationPlatforms) = preSolution
		Debug|Any CPU = Debug|Any CPU
		Release|Any CPU = Release|Any CPU
	EndGlobalSection
	GlobalSection(ProjectConfigurationPlatforms) = postSolution
		{BFB9E5A5-2A90-4844-AF15-09EE6BD236EF}.Debug|Any CPU.ActiveCfg = Debug|Any CPU
		{BFB9E5A5-2A90-4844-AF15-09EE6BD236EF}.Debug|Any CPU.Build.0 = Debug|Any CPU
		{BFB9E5A5-2A90-4844-AF15-09EE6BD236EF}.Release|Any CPU.ActiveCfg = Release|Any CPU
		{BFB9E5A5-2A90-4844-AF15-09EE6BD236EF}.Release|Any CPU.Build.0 = Release|Any CPU
	EndGlobalSection
	GlobalSection(SolutionProperties) = preSolution
		HideSolutionNode = FALSE
	EndGlobalSection
	GlobalSection(ExtensibilityGlobals) = postSolution
		SolutionGuid = {63EA15E9-7698-40EE-B93F-FE4751888A0B}
	EndGlobalSection
EndGlobal
